{
  "name": "my-movie-list-tmdb-api",
  "version": "1.0.0",
  "lockfileVersion": 3,
  "requires": true,
  "packages": {
    "": {
      "name": "my-movie-list-tmdb-api",
      "version": "1.0.0",
      "license": "ISC",
      "dependencies": {
        "bootstrap-icons": "^1.10.4",
        "iconoir": "^6.6.0"
      }
    }
  }
}
